
Microsoft Visual Studio Solution File, Format Version 12.00
# Visual Studio Version 16
VisualStudioVersion = 16.0.31515.178
MinimumVisualStudioVersion = 10.0.40219.1
Project("{9A19103F-16F7-4668-BE54-9A1E7A4F7556}") = "Domain", "Domain\Domain.csproj", "{D985290C-1743-4991-B68A-E7FE199DFFE3}"
EndProject
Project("{9A19103F-16F7-4668-BE54-9A1E7A4F7556}") = "Services", "Services\Services.csproj", "{289DB166-3823-43C9-8A1B-A19AA868D713}"
EndProject
Project("{9A19103F-16F7-4668-BE54-9A1E7A4F7556}") = "WebApi", "WebApi\WebApi.csproj", "{5EED4504-1171-4DDB-8B20-747476E7B207}"
EndProject
Project("{FAE04EC0-301F-11D3-BF4B-00C04F79EFBC}") = "OvetimePolicies", "OvetimePolicies\OvetimePolicies.csproj", "{BAFDCBF6-47D4-4F13-8F21-C45109A9D71E}"
EndProject
Project("{FAE04EC0-301F-11D3-BF4B-00C04F79EFBC}") = "UnitTest", "UnitTest\UnitTest.csproj", "{048BFA94-B00C-418C-8E5B-CD6D36065268}"
EndProject
Global
	GlobalSection(SolutionConfigurationPlatforms) = preSolution
		Debug|Any CPU = Debug|Any CPU
		Release|Any CPU = Release|Any CPU
	EndGlobalSection
	GlobalSection(ProjectConfigurationPlatforms) = postSolution
		{D985290C-1743-4991-B68A-E7FE199DFFE3}.Debug|Any CPU.ActiveCfg = Debug|Any CPU
		{D985290C-1743-4991-B68A-E7FE199DFFE3}.Debug|Any CPU.Build.0 = Debug|Any CPU
		{D985290C-1743-4991-B68A-E7FE199DFFE3}.Release|Any CPU.ActiveCfg = Release|Any CPU
		{D985290C-1743-4991-B68A-E7FE199DFFE3}.Release|Any CPU.Build.0 = Release|Any CPU
		{289DB166-3823-43C9-8A1B-A19AA868D713}.Debug|Any CPU.ActiveCfg = Debug|Any CPU
		{289DB166-3823-43C9-8A1B-A19AA868D713}.Debug|Any CPU.Build.0 = Debug|Any CPU
		{289DB166-3823-43C9-8A1B-A19AA868D713}.Release|Any CPU.ActiveCfg = Release|Any CPU
		{289DB166-3823-43C9-8A1B-A19AA868D713}.Release|Any CPU.Build.0 = Release|Any CPU
		{5EED4504-1171-4DDB-8B20-747476E7B207}.Debug|Any CPU.ActiveCfg = Debug|Any CPU
		{5EED4504-1171-4DDB-8B20-747476E7B207}.Debug|Any CPU.Build.0 = Debug|Any CPU
		{5EED4504-1171-4DDB-8B20-747476E7B207}.Release|Any CPU.ActiveCfg = Release|Any CPU
		{5EED4504-1171-4DDB-8B20-747476E7B207}.Release|Any CPU.Build.0 = Release|Any CPU
		{BAFDCBF6-47D4-4F13-8F21-C45109A9D71E}.Debug|Any CPU.ActiveCfg = Debug|Any CPU
		{BAFDCBF6-47D4-4F13-8F21-C45109A9D71E}.Debug|Any CPU.Build.0 = Debug|Any CPU
		{BAFDCBF6-47D4-4F13-8F21-C45109A9D71E}.Release|Any CPU.ActiveCfg = Release|Any CPU
		{BAFDCBF6-47D4-4F13-8F21-C45109A9D71E}.Release|Any CPU.Build.0 = Release|Any CPU
		{048BFA94-B00C-418C-8E5B-CD6D36065268}.Debug|Any CPU.ActiveCfg = Debug|Any CPU
		{048BFA94-B00C-418C-8E5B-CD6D36065268}.Debug|Any CPU.Build.0 = Debug|Any CPU
		{048BFA94-B00C-418C-8E5B-CD6D36065268}.Release|Any CPU.ActiveCfg = Release|Any CPU
		{048BFA94-B00C-418C-8E5B-CD6D36065268}.Release|Any CPU.Build.0 = Release|Any CPU
	EndGlobalSection
	GlobalSection(SolutionProperties) = preSolution
		HideSolutionNode = FALSE
	EndGlobalSection
	GlobalSection(ExtensibilityGlobals) = postSolution
		SolutionGuid = {0D564394-940E-42BA-9959-53953ECB9998}
	EndGlobalSection
EndGlobal
